version = 1
revision = 3
requires-python = ">=3.12"

[[package]]
name = "bottleneck"
version = "1.6.0"
source = { registry = "https://pypi.org/simple" }
dependencies = [
    { name = "numpy" },
]
sdist = { url = "https://files.pythonhosted.org/packages/14/d8/6d641573e210768816023a64966d66463f2ce9fc9945fa03290c8a18f87c/bottleneck-1.6.0.tar.gz", hash = "sha256:028d46ee4b025ad9ab4d79924113816f825f62b17b87c9e1d0d8ce144a4a0e31", size = 104311, upload-time = "2025-09-08T16:30:38.617Z" }
wheels = [
    { url = "https://files.pythonhosted.org/packages/8d/72/7e3593a2a3dd69ec831a9981a7b1443647acb66a5aec34c1620a5f7f8498/bottleneck-1.6.0-cp312-cp312-macosx_11_0_arm64.whl", hash = "sha256:3bb16a16a86a655fdbb34df672109a8a227bb5f9c9cf5bb8ae400a639bc52fa3", size = 100515, upload-time = "2025-09-08T16:29:55.141Z" },
    { url = "https://files.pythonhosted.org/packages/b5/d4/e7bbea08f4c0f0bab819d38c1a613da5f194fba7b19aae3e2b3a27e78886/bottleneck-1.6.0-cp312-cp312-manylinux1_x86_64.manylinux_2_28_x86_64.manylinux_2_5_x86_64.whl", hash = "sha256:0fbf5d0787af9aee6cef4db9cdd14975ce24bd02e0cc30155a51411ebe2ff35f", size = 377451, upload-time = "2025-09-08T16:29:56.718Z" },
    { url = "https://files.pythonhosted.org/packages/fe/80/a6da430e3b1a12fd85f9fe90d3ad8fe9a527ecb046644c37b4b3f4baacfc/bottleneck-1.6.0-cp312-cp312-manylinux2014_aarch64.manylinux_2_17_aarch64.manylinux_2_28_aarch64.whl", hash = "sha256:d08966f4a22384862258940346a72087a6f7cebb19038fbf3a3f6690ee7fd39f", size = 368303, upload-time = "2025-09-08T16:29:57.834Z" },
    { url = "https://files.pythonhosted.org/packages/30/11/abd30a49f3251f4538430e5f876df96f2b39dabf49e05c5836820d2c31fe/bottleneck-1.6.0-cp312-cp312-musllinux_1_2_aarch64.whl", hash = "sha256:604f0b898b43b7bc631c564630e936a8759d2d952641c8b02f71e31dbcd9deaa", size = 361232, upload-time = "2025-09-08T16:29:59.104Z" },
    { url = "https://files.pythonhosted.org/packages/1d/ac/1c0e09d8d92b9951f675bd42463ce76c3c3657b31c5bf53ca1f6dd9eccff/bottleneck-1.6.0-cp312-cp312-musllinux_1_2_x86_64.whl", hash = "sha256:d33720bad761e642abc18eda5f188ff2841191c9f63f9d0c052245decc0faeb9", size = 373234, upload-time = "2025-09-08T16:30:00.488Z" },
    { url = "https://files.pythonhosted.org/packages/fb/ea/382c572ae3057ba885d484726bb63629d1f63abedf91c6cd23974eb35a9b/bottleneck-1.6.0-cp312-cp312-win32.whl", hash = "sha256:a1e5907ec2714efbe7075d9207b58c22ab6984a59102e4ecd78dced80dab8374", size = 108020, upload-time = "2025-09-08T16:30:01.773Z" },
    { url = "https://files.pythonhosted.org/packages/48/ad/d71da675eef85ac153eef5111ca0caa924548c9591da00939bcabba8de8e/bottleneck-1.6.0-cp312-cp312-win_amd64.whl", hash = "sha256:81e3822499f057a917b7d3972ebc631ac63c6bbcc79ad3542a66c4c40634e3a6", size = 113493, upload-time = "2025-09-08T16:30:02.872Z" },
    { url = "https://files.pythonhosted.org/packages/97/1a/e117cd5ff7056126d3291deb29ac8066476e60b852555b95beb3fc9d62a0/bottleneck-1.6.0-cp313-cp313-macosx_11_0_arm64.whl", hash = "sha256:d015de414ca016ebe56440bdf5d3d1204085080527a3c51f5b7b7a3e704fe6fd", size = 100521, upload-time = "2025-09-08T16:30:03.89Z" },
    { url = "https://files.pythonhosted.org/packages/bd/22/05555a9752357e24caa1cd92324d1a7fdde6386aab162fcc451f8f8eedc2/bottleneck-1.6.0-cp313-cp313-manylinux1_x86_64.manylinux_2_28_x86_64.manylinux_2_5_x86_64.whl", hash = "sha256:456757c9525b0b12356f472e38020ed4b76b18375fd76e055f8d33fb62956f5e", size = 377719, upload-time = "2025-09-08T16:30:05.135Z" },
    { url = "https://files.pythonhosted.org/packages/11/ee/76593af47097d9633109bed04dbcf2170707dd84313ca29f436f9234bc51/bottleneck-1.6.0-cp313-cp313-manylinux2014_aarch64.manylinux_2_17_aarch64.manylinux_2_28_aarch64.whl", hash = "sha256:1c65254d51b6063c55f6272f175e867e2078342ae75f74be29d6612e9627b2c0", size = 368577, upload-time = "2025-09-08T16:30:06.387Z" },
    { url = "https://files.pythonhosted.org/packages/f9/f7/4dcacaf637d2b8d89ea746c74159adda43858d47358978880614c3fa4391/bottleneck-1.6.0-cp313-cp313-musllinux_1_2_aarch64.whl", hash = "sha256:a172322895fbb79c6127474f1b0db0866895f0b804a18d5c6b841fea093927fe", size = 361441, upload-time = "2025-09-08T16:30:07.613Z" },
    { url = "https://files.pythonhosted.org/packages/05/34/21eb1eb1c42cb7be2872d0647c292fc75768d14e1f0db66bf907b24b2464/bottleneck-1.6.0-cp313-cp313-musllinux_1_2_x86_64.whl", hash = "sha256:d5e81b642eb0d5a5bf00312598d7ed142d389728b694322a118c26813f3d1fa9", size = 373416, upload-time = "2025-09-08T16:30:08.899Z" },
    { url = "https://files.pythonhosted.org/packages/48/cb/7957ff40367a151139b5f1854616bf92e578f10804d226fbcdecfd73aead/bottleneck-1.6.0-cp313-cp313-win32.whl", hash = "sha256:543d3a89d22880cd322e44caff859af6c0489657bf9897977d1f5d3d3f77299c", size = 108029, upload-time = "2025-09-08T16:30:09.909Z" },
    { url = "https://files.pythonhosted.org/packages/90/a8/735df4156fa5595501d5d96a6ee102f49c13d2ce9e2a287ad51806bc3ba0/bottleneck-1.6.0-cp313-cp313-win_amd64.whl", hash = "sha256:48a44307d604ceb81e256903e5d57d3adb96a461b1d3c6a69baa2c67e823bd36", size = 113497, upload-time = "2025-09-08T16:30:10.82Z" },
    { url = "https://files.pythonhosted.org/packages/c7/5c/8c1260df8ade7cebc2a8af513a27082b5e36aa4a5fb762d56ea6d969d893/bottleneck-1.6.0-cp313-cp313t-macosx_11_0_arm64.whl", hash = "sha256:547e6715115867c4657c9ae8cc5ddac1fec8fdad66690be3a322a7488721b06b", size = 101606, upload-time = "2025-09-08T16:30:11.935Z" },
    { url = "https://files.pythonhosted.org/packages/ce/ea/f03e2944e91ee962922c834ed21e5be6d067c8395681f5dc6c67a0a26853/bottleneck-1.6.0-cp313-cp313t-manylinux1_x86_64.manylinux_2_28_x86_64.manylinux_2_5_x86_64.whl", hash = "sha256:5e4a4a6e05b6f014c307969129e10d1a0afd18f3a2c127b085532a4a76677aef", size = 391804, upload-time = "2025-09-08T16:30:13.13Z" },
    { url = "https://files.pythonhosted.org/packages/0b/58/2b356b8a81eb97637dccee6cf58237198dd828890e38be9afb4e5e58e38e/bottleneck-1.6.0-cp313-cp313t-manylinux2014_aarch64.manylinux_2_17_aarch64.manylinux_2_28_aarch64.whl", hash = "sha256:2baae0d1589b4a520b2f9cf03528c0c8b20717b3f05675e212ec2200cf628f12", size = 383443, upload-time = "2025-09-08T16:30:14.318Z" },
    { url = "https://files.pythonhosted.org/packages/55/52/cf7d09ed3736ad0d50c624787f9b580ae3206494d95cc0f4814b93eef728/bottleneck-1.6.0-cp313-cp313t-musllinux_1_2_aarch64.whl", hash = "sha256:2e407139b322f01d8d5b6b2e8091b810f48a25c7fa5c678cfcdc420dfe8aea0a", size = 375458, upload-time = "2025-09-08T16:30:15.379Z" },
    { url = "https://files.pythonhosted.org/packages/c4/e9/7c87a34a24e339860064f20fac49f6738e94f1717bc8726b9c47705601d8/bottleneck-1.6.0-cp313-cp313t-musllinux_1_2_x86_64.whl", hash = "sha256:1adefb89b92aba6de9c6ea871d99bcd29d519f4fb012cc5197917813b4fc2c7f", size = 386384, upload-time = "2025-09-08T16:30:17.012Z" },
    { url = "https://files.pythonhosted.org/packages/59/57/db51855e18a47671801180be748939b4c9422a0544849af1919116346b5f/bottleneck-1.6.0-cp313-cp313t-win32.whl", hash = "sha256:64b8690393494074923780f6abdf5f5577d844b9d9689725d1575a936e74e5f0", size = 109448, upload-time = "2025-09-08T16:30:18.076Z" },
    { url = "https://files.pythonhosted.org/packages/bd/1e/683c090b624f13a5bf88a0be2241dc301e98b2fb72a45812a7ae6e456cc4/bottleneck-1.6.0-cp313-cp313t-win_amd64.whl", hash = "sha256:cb67247f65dcdf62af947c76c6c8b77d9f0ead442cac0edbaa17850d6da4e48d", size = 115190, upload-time = "2025-09-08T16:30:19.106Z" },
    { url = "https://files.pythonhosted.org/packages/77/e2/eb7c08964a3f3c4719f98795ccd21807ee9dd3071a0f9ad652a5f19196ff/bottleneck-1.6.0-cp314-cp314-macosx_11_0_arm64.whl", hash = "sha256:98f1d789042511a0f042b3bdcd2903e8567e956d3aa3be189cce3746daeb8550", size = 100544, upload-time = "2025-09-08T16:30:20.22Z" },
    { url = "https://files.pythonhosted.org/packages/99/ec/c6f3be848f37689f481797ce7d9807d5f69a199d7fc0e46044f9b708c468/bottleneck-1.6.0-cp314-cp314-manylinux1_x86_64.manylinux_2_28_x86_64.manylinux_2_5_x86_64.whl", hash = "sha256:1fad24c99e39ad7623fc2a76d37feb26bd32e4dd170885edf4dbf4bfce2199a3", size = 378315, upload-time = "2025-09-08T16:30:21.409Z" },
    { url = "https://files.pythonhosted.org/packages/bf/8f/2d6600836e2ea8f14fcefac592dc83497e5b88d381470c958cb9cdf88706/bottleneck-1.6.0-cp314-cp314-manylinux2014_aarch64.manylinux_2_17_aarch64.manylinux_2_28_aarch64.whl", hash = "sha256:643e61e50a6f993debc399b495a1609a55b3bd76b057e433e4089505d9f605c7", size = 368978, upload-time = "2025-09-08T16:30:23.458Z" },
    { url = "https://files.pythonhosted.org/packages/9b/b5/bf72b49f5040212873b985feef5050015645e0a02204b591e1d265fc522a/bottleneck-1.6.0-cp314-cp314-musllinux_1_2_aarch64.whl", hash = "sha256:fa668efbe4c6b200524ea0ebd537212da9b9801287138016fdf64119d6fcf201", size = 362074, upload-time = "2025-09-08T16:30:24.71Z" },
    { url = "https://files.pythonhosted.org/packages/1d/c8/c4891a0604eb680031390182c6e264247e3a9a8d067d654362245396fadf/bottleneck-1.6.0-cp314-cp314-musllinux_1_2_x86_64.whl", hash = "sha256:9f7dd35262e89e28fedd79d45022394b1fa1aceb61d2e747c6d6842e50546daa", size = 374019, upload-time = "2025-09-08T16:30:26.438Z" },
    { url = "https://files.pythonhosted.org/packages/e6/2d/ed096f8d1b9147e84914045dd89bc64e3c32eee49b862d1e20d573a9ab0d/bottleneck-1.6.0-cp314-cp314-win32.whl", hash = "sha256:bd90bec3c470b7fdfafc2fbdcd7a1c55a4e57b5cdad88d40eea5bc9bab759bf1", size = 110173, upload-time = "2025-09-08T16:30:27.521Z" },
    { url = "https://files.pythonhosted.org/packages/33/70/1414acb6ae378a15063cfb19a0a39d69d1b6baae1120a64d2b069902549b/bottleneck-1.6.0-cp314-cp314-win_amd64.whl", hash = "sha256:b43b6d36a62ffdedc6368cf9a708e4d0a30d98656c2b5f33d88894e1bcfd6857", size = 115899, upload-time = "2025-09-08T16:30:28.524Z" },
    { url = "https://files.pythonhosted.org/packages/4e/ed/4570b5d8c1c85ce3c54963ebc37472231ed54f0b0d8dbb5dde14303f775f/bottleneck-1.6.0-cp314-cp314t-macosx_11_0_arm64.whl", hash = "sha256:53296707a8e195b5dcaa804b714bd222b5e446bd93cd496008122277eb43fa87", size = 101615, upload-time = "2025-09-08T16:30:29.556Z" },
    { url = "https://files.pythonhosted.org/packages/2d/93/c148faa07ae91f266be1f3fad1fde95aa2449e12937f3f3df2dd720b86e0/bottleneck-1.6.0-cp314-cp314t-manylinux1_x86_64.manylinux_2_28_x86_64.manylinux_2_5_x86_64.whl", hash = "sha256:d6df19cc48a83efd70f6d6874332aa31c3f5ca06a98b782449064abbd564cf0e", size = 392411, upload-time = "2025-09-08T16:30:31.186Z" },
    { url = "https://files.pythonhosted.org/packages/6e/1c/e6ad221d345a059e7efb2ad1d46a22d9fdae0486faef70555766e1123966/bottleneck-1.6.0-cp314-cp314t-manylinux2014_aarch64.manylinux_2_17_aarch64.manylinux_2_28_aarch64.whl", hash = "sha256:96bb3a52cb3c0aadfedce3106f93ab940a49c9d35cd4ed612e031f6deb27e80f", size = 384022, upload-time = "2025-09-08T16:30:32.364Z" },
    { url = "https://files.pythonhosted.org/packages/4f/40/5b15c01eb8c59d59bc84c94d01d3d30797c961f10ec190f53c27e05d62ab/bottleneck-1.6.0-cp314-cp314t-musllinux_1_2_aarch64.whl", hash = "sha256:d1db9e831b69d5595b12e79aeb04cb02873db35576467c8dd26cdc1ee6b74581", size = 376004, upload-time = "2025-09-08T16:30:33.731Z" },
    { url = "https://files.pythonhosted.org/packages/74/f6/cb228f5949553a5c01d1d5a3c933f0216d78540d9e0bf8dd4343bb449681/bottleneck-1.6.0-cp314-cp314t-musllinux_1_2_x86_64.whl", hash = "sha256:4dd7ac619570865fcb7a0e8925df418005f076286ad2c702dd0f447231d7a055", size = 386909, upload-time = "2025-09-08T16:30:34.973Z" },
    { url = "https://files.pythonhosted.org/packages/09/9a/425065c37a67a9120bf53290371579b83d05bf46f3212cce65d8c01d470a/bottleneck-1.6.0-cp314-cp314t-win32.whl", hash = "sha256:7fb694165df95d428fe00b98b9ea7d126ef786c4a4b7d43ae2530248396cadcb", size = 111636, upload-time = "2025-09-08T16:30:36.044Z" },
    { url = "https://files.pythonhosted.org/packages/ad/23/c41006e42909ec5114a8961818412310aa54646d1eae0495dbff3598a095/bottleneck-1.6.0-cp314-cp314t-win_amd64.whl", hash = "sha256:174b80930ce82bd8456c67f1abb28a5975c68db49d254783ce2cb6983b4fea40", size = 117611, upload-time = "2025-09-08T16:30:37.055Z" },
]

[[package]]
name = "bottleneck-stubs"
version = "0.1.5"
source = { editable = "." }

[package.dev-dependencies]
dev = [
    { name = "bottleneck" },
    { name = "numpy" },
]

[package.metadata]

[package.metadata.requires-dev]
dev = [
    { name = "bottleneck", specifier = ">=1.6.0" },
    { name = "numpy", specifier = ">=2.2.6" },
]

[[package]]
name = "numpy"
version = "2.2.6"
source = { registry = "https://pypi.org/simple" }
sdist = { url = "https://files.pythonhosted.org/packages/76/21/7d2a95e4bba9dc13d043ee156a356c0a8f0c6309dff6b21b4d71a073b8a8/numpy-2.2.6.tar.gz", hash = "sha256:e29554e2bef54a90aa5cc07da6ce955accb83f21ab5de01a62c8478897b264fd", size = 20276440, upload-time = "2025-05-17T22:38:04.611Z" }
wheels = [
    { url = "https://files.pythonhosted.org/packages/82/5d/c00588b6cf18e1da539b45d3598d3557084990dcc4331960c15ee776ee41/numpy-2.2.6-cp312-cp312-macosx_10_13_x86_64.whl", hash = "sha256:41c5a21f4a04fa86436124d388f6ed60a9343a6f767fced1a8a71c3fbca038ff", size = 20875348, upload-time = "2025-05-17T21:34:39.648Z" },
    { url = "https://files.pythonhosted.org/packages/66/ee/560deadcdde6c2f90200450d5938f63a34b37e27ebff162810f716f6a230/numpy-2.2.6-cp312-cp312-macosx_11_0_arm64.whl", hash = "sha256:de749064336d37e340f640b05f24e9e3dd678c57318c7289d222a8a2f543e90c", size = 14119362, upload-time = "2025-05-17T21:35:01.241Z" },
    { url = "https://files.pythonhosted.org/packages/3c/65/4baa99f1c53b30adf0acd9a5519078871ddde8d2339dc5a7fde80d9d87da/numpy-2.2.6-cp312-cp312-macosx_14_0_arm64.whl", hash = "sha256:894b3a42502226a1cac872f840030665f33326fc3dac8e57c607905773cdcde3", size = 5084103, upload-time = "2025-05-17T21:35:10.622Z" },
    { url = "https://files.pythonhosted.org/packages/cc/89/e5a34c071a0570cc40c9a54eb472d113eea6d002e9ae12bb3a8407fb912e/numpy-2.2.6-cp312-cp312-macosx_14_0_x86_64.whl", hash = "sha256:71594f7c51a18e728451bb50cc60a3ce4e6538822731b2933209a1f3614e9282", size = 6625382, upload-time = "2025-05-17T21:35:21.414Z" },
    { url = "https://files.pythonhosted.org/packages/f8/35/8c80729f1ff76b3921d5c9487c7ac3de9b2a103b1cd05e905b3090513510/numpy-2.2.6-cp312-cp312-manylinux_2_17_aarch64.manylinux2014_aarch64.whl", hash = "sha256:f2618db89be1b4e05f7a1a847a9c1c0abd63e63a1607d892dd54668dd92faf87", size = 14018462, upload-time = "2025-05-17T21:35:42.174Z" },
    { url = "https://files.pythonhosted.org/packages/8c/3d/1e1db36cfd41f895d266b103df00ca5b3cbe965184df824dec5c08c6b803/numpy-2.2.6-cp312-cp312-manylinux_2_17_x86_64.manylinux2014_x86_64.whl", hash = "sha256:fd83c01228a688733f1ded5201c678f0c53ecc1006ffbc404db9f7a899ac6249", size = 16527618, upload-time = "2025-05-17T21:36:06.711Z" },
    { url = "https://files.pythonhosted.org/packages/61/c6/03ed30992602c85aa3cd95b9070a514f8b3c33e31124694438d88809ae36/numpy-2.2.6-cp312-cp312-musllinux_1_2_aarch64.whl", hash = "sha256:37c0ca431f82cd5fa716eca9506aefcabc247fb27ba69c5062a6d3ade8cf8f49", size = 15505511, upload-time = "2025-05-17T21:36:29.965Z" },
    { url = "https://files.pythonhosted.org/packages/b7/25/5761d832a81df431e260719ec45de696414266613c9ee268394dd5ad8236/numpy-2.2.6-cp312-cp312-musllinux_1_2_x86_64.whl", hash = "sha256:fe27749d33bb772c80dcd84ae7e8df2adc920ae8297400dabec45f0dedb3f6de", size = 18313783, upload-time = "2025-05-17T21:36:56.883Z" },
    { url = "https://files.pythonhosted.org/packages/57/0a/72d5a3527c5ebffcd47bde9162c39fae1f90138c961e5296491ce778e682/numpy-2.2.6-cp312-cp312-win32.whl", hash = "sha256:4eeaae00d789f66c7a25ac5f34b71a7035bb474e679f410e5e1a94deb24cf2d4", size = 6246506, upload-time = "2025-05-17T21:37:07.368Z" },
    { url = "https://files.pythonhosted.org/packages/36/fa/8c9210162ca1b88529ab76b41ba02d433fd54fecaf6feb70ef9f124683f1/numpy-2.2.6-cp312-cp312-win_amd64.whl", hash = "sha256:c1f9540be57940698ed329904db803cf7a402f3fc200bfe599334c9bd84a40b2", size = 12614190, upload-time = "2025-05-17T21:37:26.213Z" },
    { url = "https://files.pythonhosted.org/packages/f9/5c/6657823f4f594f72b5471f1db1ab12e26e890bb2e41897522d134d2a3e81/numpy-2.2.6-cp313-cp313-macosx_10_13_x86_64.whl", hash = "sha256:0811bb762109d9708cca4d0b13c4f67146e3c3b7cf8d34018c722adb2d957c84", size = 20867828, upload-time = "2025-05-17T21:37:56.699Z" },
    { url = "https://files.pythonhosted.org/packages/dc/9e/14520dc3dadf3c803473bd07e9b2bd1b69bc583cb2497b47000fed2fa92f/numpy-2.2.6-cp313-cp313-macosx_11_0_arm64.whl", hash = "sha256:287cc3162b6f01463ccd86be154f284d0893d2b3ed7292439ea97eafa8170e0b", size = 14143006, upload-time = "2025-05-17T21:38:18.291Z" },
    { url = "https://files.pythonhosted.org/packages/4f/06/7e96c57d90bebdce9918412087fc22ca9851cceaf5567a45c1f404480e9e/numpy-2.2.6-cp313-cp313-macosx_14_0_arm64.whl", hash = "sha256:f1372f041402e37e5e633e586f62aa53de2eac8d98cbfb822806ce4bbefcb74d", size = 5076765, upload-time = "2025-05-17T21:38:27.319Z" },
    { url = "https://files.pythonhosted.org/packages/73/ed/63d920c23b4289fdac96ddbdd6132e9427790977d5457cd132f18e76eae0/numpy-2.2.6-cp313-cp313-macosx_14_0_x86_64.whl", hash = "sha256:55a4d33fa519660d69614a9fad433be87e5252f4b03850642f88993f7b2ca566", size = 6617736, upload-time = "2025-05-17T21:38:38.141Z" },
    { url = "https://files.pythonhosted.org/packages/85/c5/e19c8f99d83fd377ec8c7e0cf627a8049746da54afc24ef0a0cb73d5dfb5/numpy-2.2.6-cp313-cp313-manylinux_2_17_aarch64.manylinux2014_aarch64.whl", hash = "sha256:f92729c95468a2f4f15e9bb94c432a9229d0d50de67304399627a943201baa2f", size = 14010719, upload-time = "2025-05-17T21:38:58.433Z" },
    { url = "https://files.pythonhosted.org/packages/19/49/4df9123aafa7b539317bf6d342cb6d227e49f7a35b99c287a6109b13dd93/numpy-2.2.6-cp313-cp313-manylinux_2_17_x86_64.manylinux2014_x86_64.whl", hash = "sha256:1bc23a79bfabc5d056d106f9befb8d50c31ced2fbc70eedb8155aec74a45798f", size = 16526072, upload-time = "2025-05-17T21:39:22.638Z" },
    { url = "https://files.pythonhosted.org/packages/b2/6c/04b5f47f4f32f7c2b0e7260442a8cbcf8168b0e1a41ff1495da42f42a14f/numpy-2.2.6-cp313-cp313-musllinux_1_2_aarch64.whl", hash = "sha256:e3143e4451880bed956e706a3220b4e5cf6172ef05fcc397f6f36a550b1dd868", size = 15503213, upload-time = "2025-05-17T21:39:45.865Z" },
    { url = "https://files.pythonhosted.org/packages/17/0a/5cd92e352c1307640d5b6fec1b2ffb06cd0dabe7d7b8227f97933d378422/numpy-2.2.6-cp313-cp313-musllinux_1_2_x86_64.whl", hash = "sha256:b4f13750ce79751586ae2eb824ba7e1e8dba64784086c98cdbbcc6a42112ce0d", size = 18316632, upload-time = "2025-05-17T21:40:13.331Z" },
    { url = "https://files.pythonhosted.org/packages/f0/3b/5cba2b1d88760ef86596ad0f3d484b1cbff7c115ae2429678465057c5155/numpy-2.2.6-cp313-cp313-win32.whl", hash = "sha256:5beb72339d9d4fa36522fc63802f469b13cdbe4fdab4a288f0c441b74272ebfd", size = 6244532, upload-time = "2025-05-17T21:43:46.099Z" },
    { url = "https://files.pythonhosted.org/packages/cb/3b/d58c12eafcb298d4e6d0d40216866ab15f59e55d148a5658bb3132311fcf/numpy-2.2.6-cp313-cp313-win_amd64.whl", hash = "sha256:b0544343a702fa80c95ad5d3d608ea3599dd54d4632df855e4c8d24eb6ecfa1c", size = 12610885, upload-time = "2025-05-17T21:44:05.145Z" },
    { url = "https://files.pythonhosted.org/packages/6b/9e/4bf918b818e516322db999ac25d00c75788ddfd2d2ade4fa66f1f38097e1/numpy-2.2.6-cp313-cp313t-macosx_10_13_x86_64.whl", hash = "sha256:0bca768cd85ae743b2affdc762d617eddf3bcf8724435498a1e80132d04879e6", size = 20963467, upload-time = "2025-05-17T21:40:44Z" },
    { url = "https://files.pythonhosted.org/packages/61/66/d2de6b291507517ff2e438e13ff7b1e2cdbdb7cb40b3ed475377aece69f9/numpy-2.2.6-cp313-cp313t-macosx_11_0_arm64.whl", hash = "sha256:fc0c5673685c508a142ca65209b4e79ed6740a4ed6b2267dbba90f34b0b3cfda", size = 14225144, upload-time = "2025-05-17T21:41:05.695Z" },
    { url = "https://files.pythonhosted.org/packages/e4/25/480387655407ead912e28ba3a820bc69af9adf13bcbe40b299d454ec011f/numpy-2.2.6-cp313-cp313t-macosx_14_0_arm64.whl", hash = "sha256:5bd4fc3ac8926b3819797a7c0e2631eb889b4118a9898c84f585a54d475b7e40", size = 5200217, upload-time = "2025-05-17T21:41:15.903Z" },
    { url = "https://files.pythonhosted.org/packages/aa/4a/6e313b5108f53dcbf3aca0c0f3e9c92f4c10ce57a0a721851f9785872895/numpy-2.2.6-cp313-cp313t-macosx_14_0_x86_64.whl", hash = "sha256:fee4236c876c4e8369388054d02d0e9bb84821feb1a64dd59e137e6511a551f8", size = 6712014, upload-time = "2025-05-17T21:41:27.321Z" },
    { url = "https://files.pythonhosted.org/packages/b7/30/172c2d5c4be71fdf476e9de553443cf8e25feddbe185e0bd88b096915bcc/numpy-2.2.6-cp313-cp313t-manylinux_2_17_aarch64.manylinux2014_aarch64.whl", hash = "sha256:e1dda9c7e08dc141e0247a5b8f49cf05984955246a327d4c48bda16821947b2f", size = 14077935, upload-time = "2025-05-17T21:41:49.738Z" },
    { url = "https://files.pythonhosted.org/packages/12/fb/9e743f8d4e4d3c710902cf87af3512082ae3d43b945d5d16563f26ec251d/numpy-2.2.6-cp313-cp313t-manylinux_2_17_x86_64.manylinux2014_x86_64.whl", hash = "sha256:f447e6acb680fd307f40d3da4852208af94afdfab89cf850986c3ca00562f4fa", size = 16600122, upload-time = "2025-05-17T21:42:14.046Z" },
    { url = "https://files.pythonhosted.org/packages/12/75/ee20da0e58d3a66f204f38916757e01e33a9737d0b22373b3eb5a27358f9/numpy-2.2.6-cp313-cp313t-musllinux_1_2_aarch64.whl", hash = "sha256:389d771b1623ec92636b0786bc4ae56abafad4a4c513d36a55dce14bd9ce8571", size = 15586143, upload-time = "2025-05-17T21:42:37.464Z" },
    { url = "https://files.pythonhosted.org/packages/76/95/bef5b37f29fc5e739947e9ce5179ad402875633308504a52d188302319c8/numpy-2.2.6-cp313-cp313t-musllinux_1_2_x86_64.whl", hash = "sha256:8e9ace4a37db23421249ed236fdcdd457d671e25146786dfc96835cd951aa7c1", size = 18385260, upload-time = "2025-05-17T21:43:05.189Z" },
    { url = "https://files.pythonhosted.org/packages/09/04/f2f83279d287407cf36a7a8053a5abe7be3622a4363337338f2585e4afda/numpy-2.2.6-cp313-cp313t-win32.whl", hash = "sha256:038613e9fb8c72b0a41f025a7e4c3f0b7a1b5d768ece4796b674c8f3fe13efff", size = 6377225, upload-time = "2025-05-17T21:43:16.254Z" },
    { url = "https://files.pythonhosted.org/packages/67/0e/35082d13c09c02c011cf21570543d202ad929d961c02a147493cb0c2bdf5/numpy-2.2.6-cp313-cp313t-win_amd64.whl", hash = "sha256:6031dd6dfecc0cf9f668681a37648373bddd6421fff6c66ec1624eed0180ee06", size = 12771374, upload-time = "2025-05-17T21:43:35.479Z" },
]
